
Microsoft Visual Studio Solution File, Format Version 12.00
# Visual Studio 15
VisualStudioVersion = 15.0.28010.2026
MinimumVisualStudioVersion = 10.0.40219.1
Project("{FAE04EC0-301F-11D3-BF4B-00C04F79EFBC}") = "BuilderPattern", "BuilderPattern\BuilderPattern.csproj", "{6437A213-A840-4AF3-B633-A572D5547D8E}"
EndProject
Global
	GlobalSection(SolutionConfigurationPlatforms) = preSolution
		Debug|Any CPU = Debug|Any CPU
		Release|Any CPU = Release|Any CPU
	EndGlobalSection
	GlobalSection(ProjectConfigurationPlatforms) = postSolution
		{6437A213-A840-4AF3-B633-A572D5547D8E}.Debug|Any CPU.ActiveCfg = Debug|Any CPU
		{6437A213-A840-4AF3-B633-A572D5547D8E}.Debug|Any CPU.Build.0 = Debug|Any CPU
		{6437A213-A840-4AF3-B633-A572D5547D8E}.Release|Any CPU.ActiveCfg = Release|Any CPU
		{6437A213-A840-4AF3-B633-A572D5547D8E}.Release|Any CPU.Build.0 = Release|Any CPU
	EndGlobalSection
	GlobalSection(SolutionProperties) = preSolution
		HideSolutionNode = FALSE
	EndGlobalSection
	GlobalSection(ExtensibilityGlobals) = postSolution
		SolutionGuid = {A137DD83-20F6-41EB-BB67-567D98F5A6E8}
	EndGlobalSection
EndGlobal
